
Microsoft Visual Studio Solution File, Format Version 12.00
# Visual Studio 2013
VisualStudioVersion = 12.0.40629.0
MinimumVisualStudioVersion = 10.0.40219.1
Project("{FAE04EC0-301F-11D3-BF4B-00C04F79EFBC}") = "WeedSeeker.Web.Test.Functional", "WeedSeeker.Web.Test.Functional.csproj", "{27EB61A8-D920-4DAB-8BF3-34824896AC03}"
EndProject
Global
	GlobalSection(SolutionConfigurationPlatforms) = preSolution
		Debug|Any CPU = Debug|Any CPU
		Release|Any CPU = Release|Any CPU
	EndGlobalSection
	GlobalSection(ProjectConfigurationPlatforms) = postSolution
		{27EB61A8-D920-4DAB-8BF3-34824896AC03}.Debug|Any CPU.ActiveCfg = Debug|Any CPU
		{27EB61A8-D920-4DAB-8BF3-34824896AC03}.Debug|Any CPU.Build.0 = Debug|Any CPU
		{27EB61A8-D920-4DAB-8BF3-34824896AC03}.Release|Any CPU.ActiveCfg = Release|Any CPU
		{27EB61A8-D920-4DAB-8BF3-34824896AC03}.Release|Any CPU.Build.0 = Release|Any CPU
	EndGlobalSection
	GlobalSection(SolutionProperties) = preSolution
		HideSolutionNode = FALSE
	EndGlobalSection
EndGlobal
